// !$*UTF8*$!
{
	archiveVersion = 1;
	classes = {
	};
	objectVersion = 56;
	objects = {

/* Begin PBXBuildFile section */
		2A1FD0382BF2B67300335913 /* WidgetKit.framework in Frameworks */ = {isa = PBXBuildFile; fileRef = 2A1FD0372BF2B67300335913 /* WidgetKit.framework */; };
		2A1FD03A2BF2B67300335913 /* SwiftUI.framework in Frameworks */ = {isa = PBXBuildFile; fileRef = 2A1FD0392BF2B67300335913 /* SwiftUI.framework */; };
		2A1FD03D2BF2B67300335913 /* CountdownWidgetBundle.swift in Sources */ = {isa = PBXBuildFile; fileRef = 2A1FD03C2BF2B67300335913 /* CountdownWidgetBundle.swift */; };
		2A1FD03F2BF2B67300335913 /* CountdownWidget.swift in Sources */ = {isa = PBXBuildFile; fileRef = 2A1FD03E2BF2B67300335913 /* CountdownWidget.swift */; };
		2A1FD0452BF2B67400335913 /* CountdownWidgetExtension.appex in Embed Foundation Extensions */ = {isa = PBXBuildFile; fileRef = 2A1FD0352BF2B67300335913 /* CountdownWidgetExtension.appex */; settings = {ATTRIBUTES = (RemoveHeadersOnCopy, ); }; };
		2A2A8F5F2BA4D64D008D24CE /* StoppelMapApp.swift in Sources */ = {isa = PBXBuildFile; fileRef = 2A2A8F5E2BA4D64D008D24CE /* StoppelMapApp.swift */; };
		2A2A8F612BA4D64D008D24CE /* ContentView.swift in Sources */ = {isa = PBXBuildFile; fileRef = 2A2A8F602BA4D64D008D24CE /* ContentView.swift */; };
		2A2A8F632BA4D64E008D24CE /* Assets.xcassets in Resources */ = {isa = PBXBuildFile; fileRef = 2A2A8F622BA4D64E008D24CE /* Assets.xcassets */; };
		2A40405E2BC2FEEC00A5B072 /* TransportationOverviewScreen.swift in Sources */ = {isa = PBXBuildFile; fileRef = 2A40405D2BC2FEEC00A5B072 /* TransportationOverviewScreen.swift */; };
		2A4040602BC313C900A5B072 /* TransportationType.swift in Sources */ = {isa = PBXBuildFile; fileRef = 2A40405F2BC313C900A5B072 /* TransportationType.swift */; };
		2A4040622BC3145B00A5B072 /* TransportationBusOverviewPage.swift in Sources */ = {isa = PBXBuildFile; fileRef = 2A4040612BC3145B00A5B072 /* TransportationBusOverviewPage.swift */; };
		2A409AF62C1A29B00061F18E /* NewsScreen.swift in Sources */ = {isa = PBXBuildFile; fileRef = 2A409AF52C1A29B00061F18E /* NewsScreen.swift */; };
		2A58C0562BA4F7C100FDA014 /* HomeScreen.swift in Sources */ = {isa = PBXBuildFile; fileRef = 2A58C0552BA4F7C100FDA014 /* HomeScreen.swift */; };
		2A58C0592BA4F81000FDA014 /* CountdownCard.swift in Sources */ = {isa = PBXBuildFile; fileRef = 2A58C0582BA4F81000FDA014 /* CountdownCard.swift */; };
		2A60663F2BB051B30067FB33 /* MapLibre in Frameworks */ = {isa = PBXBuildFile; productRef = 2A60663E2BB051B30067FB33 /* MapLibre */; };
		2A6066452BB052900067FB33 /* MapView.swift in Sources */ = {isa = PBXBuildFile; fileRef = 2A6066442BB052900067FB33 /* MapView.swift */; };
		2A6066472BB0572F0067FB33 /* MapScreen.swift in Sources */ = {isa = PBXBuildFile; fileRef = 2A6066462BB0572F0067FB33 /* MapScreen.swift */; };
		2A6873252BC9EE43008442FC /* StationScreen.swift in Sources */ = {isa = PBXBuildFile; fileRef = 2A6873242BC9EE43008442FC /* StationScreen.swift */; };
		2A77811E2BB8AC6E00C1FC25 /* database.db in Resources */ = {isa = PBXBuildFile; fileRef = 2A77811C2BB8AC6E00C1FC25 /* database.db */; };
		2A77811F2BB8AC6E00C1FC25 /* mapdata.geojson in Resources */ = {isa = PBXBuildFile; fileRef = 2A77811D2BB8AC6E00C1FC25 /* mapdata.geojson */; };
		2A7781222BBB13E500C1FC25 /* ScheduleScreen.swift in Sources */ = {isa = PBXBuildFile; fileRef = 2A7781212BBB13E500C1FC25 /* ScheduleScreen.swift */; };
		2A7781242BBB161D00C1FC25 /* Utils.swift in Sources */ = {isa = PBXBuildFile; fileRef = 2A7781232BBB161D00C1FC25 /* Utils.swift */; };
		2A7781262BBB2F7200C1FC25 /* EventPage.swift in Sources */ = {isa = PBXBuildFile; fileRef = 2A7781252BBB2F7200C1FC25 /* EventPage.swift */; };
		2A838B212C26D0D3005642A1 /* UnderConstrcutionPlaceholder.swift in Sources */ = {isa = PBXBuildFile; fileRef = 2A838B202C26D0D3005642A1 /* UnderConstrcutionPlaceholder.swift */; };
		2A838B242C2809E9005642A1 /* Lottie in Frameworks */ = {isa = PBXBuildFile; productRef = 2A838B232C2809E9005642A1 /* Lottie */; };
		2A838B272C282B33005642A1 /* UnderConstruction.json in Resources */ = {isa = PBXBuildFile; fileRef = 2A838B262C282B33005642A1 /* UnderConstruction.json */; };
		2A92605B2BF6799B00C57918 /* SettingsScreen.swift in Sources */ = {isa = PBXBuildFile; fileRef = 2A92605A2BF6799B00C57918 /* SettingsScreen.swift */; };
		2ACCB05D2BB21D8100DA01B6 /* map in Resources */ = {isa = PBXBuildFile; fileRef = 2ACCB05C2BB21D8100DA01B6 /* map */; };
		2ACCB05F2BB2227D00DA01B6 /* MapColors.swift in Sources */ = {isa = PBXBuildFile; fileRef = 2ACCB05E2BB2227D00DA01B6 /* MapColors.swift */; };
		2ACFF92A2BFFE03D00000F76 /* Assets.xcassets in Resources */ = {isa = PBXBuildFile; fileRef = 2A2A8F622BA4D64E008D24CE /* Assets.xcassets */; };
		2AD0F9942C0121B400FDB2A3 /* RobotoSlab-Regular.ttf in Resources */ = {isa = PBXBuildFile; fileRef = 2AD0F9902C0121B300FDB2A3 /* RobotoSlab-Regular.ttf */; };
		2AD0F9952C0121B400FDB2A3 /* RobotoSlab-Regular.ttf in Resources */ = {isa = PBXBuildFile; fileRef = 2AD0F9902C0121B300FDB2A3 /* RobotoSlab-Regular.ttf */; };
		2AD0F9962C0121B400FDB2A3 /* RobotoSlab-Bold.ttf in Resources */ = {isa = PBXBuildFile; fileRef = 2AD0F9912C0121B300FDB2A3 /* RobotoSlab-Bold.ttf */; };
		2AD0F9972C0121B400FDB2A3 /* RobotoSlab-Bold.ttf in Resources */ = {isa = PBXBuildFile; fileRef = 2AD0F9912C0121B300FDB2A3 /* RobotoSlab-Bold.ttf */; };
		2AD0F9982C0121B400FDB2A3 /* RobotoSlab-Light.ttf in Resources */ = {isa = PBXBuildFile; fileRef = 2AD0F9922C0121B300FDB2A3 /* RobotoSlab-Light.ttf */; };
		2AD0F9992C0121B400FDB2A3 /* RobotoSlab-Light.ttf in Resources */ = {isa = PBXBuildFile; fileRef = 2AD0F9922C0121B300FDB2A3 /* RobotoSlab-Light.ttf */; };
		2AD0F99A2C0121B400FDB2A3 /* RobotoSlab-Thin.ttf in Resources */ = {isa = PBXBuildFile; fileRef = 2AD0F9932C0121B400FDB2A3 /* RobotoSlab-Thin.ttf */; };
		2AD0F99B2C0121B400FDB2A3 /* RobotoSlab-Thin.ttf in Resources */ = {isa = PBXBuildFile; fileRef = 2AD0F9932C0121B400FDB2A3 /* RobotoSlab-Thin.ttf */; };
		2AD0F99E2C01281000FDB2A3 /* Fonts.swift in Sources */ = {isa = PBXBuildFile; fileRef = 2AD0F99D2C01281000FDB2A3 /* Fonts.swift */; };
		2AD0F99F2C01281000FDB2A3 /* Fonts.swift in Sources */ = {isa = PBXBuildFile; fileRef = 2AD0F99D2C01281000FDB2A3 /* Fonts.swift */; };
		2AE7AF222C22301600CC0FF7 /* BlurHash.swift in Sources */ = {isa = PBXBuildFile; fileRef = 2AE7AF212C22301600CC0FF7 /* BlurHash.swift */; };
		2AE7AF252C22434D00CC0FF7 /* CachedAsyncImage.swift in Sources */ = {isa = PBXBuildFile; fileRef = 2AE7AF242C22434D00CC0FF7 /* CachedAsyncImage.swift */; };
		2AE90B4E2BC87527007B7241 /* RouteScreen.swift in Sources */ = {isa = PBXBuildFile; fileRef = 2AE90B4D2BC87527007B7241 /* RouteScreen.swift */; };
/* End PBXBuildFile section */

/* Begin PBXBuildRule section */
		2A58C05A2BA50CE400FDA014 /* PBXBuildRule */ = {
			isa = PBXBuildRule;
			compilerSpec = com.apple.compilers.proxy.script;
			fileType = pattern.proxy;
			inputFiles = (
			);
			isEditable = 1;
			outputFiles = (
			);
			script = "# Type a script or drag a script file from your workspace to insert its path.\n";
		};
/* End PBXBuildRule section */

/* Begin PBXContainerItemProxy section */
		2A1FD0432BF2B67400335913 /* PBXContainerItemProxy */ = {
			isa = PBXContainerItemProxy;
			containerPortal = 2A2A8F532BA4D64D008D24CE /* Project object */;
			proxyType = 1;
			remoteGlobalIDString = 2A1FD0342BF2B67300335913;
			remoteInfo = CountdownWidgetExtension;
		};
/* End PBXContainerItemProxy section */

/* Begin PBXCopyFilesBuildPhase section */
		2A1FD0462BF2B67400335913 /* Embed Foundation Extensions */ = {
			isa = PBXCopyFilesBuildPhase;
			buildActionMask = 2147483647;
			dstPath = "";
			dstSubfolderSpec = 13;
			files = (
				2A1FD0452BF2B67400335913 /* CountdownWidgetExtension.appex in Embed Foundation Extensions */,
			);
			name = "Embed Foundation Extensions";
			runOnlyForDeploymentPostprocessing = 0;
		};
/* End PBXCopyFilesBuildPhase section */

/* Begin PBXFileReference section */
		2A1FD0352BF2B67300335913 /* CountdownWidgetExtension.appex */ = {isa = PBXFileReference; explicitFileType = "wrapper.app-extension"; includeInIndex = 0; path = CountdownWidgetExtension.appex; sourceTree = BUILT_PRODUCTS_DIR; };
		2A1FD0372BF2B67300335913 /* WidgetKit.framework */ = {isa = PBXFileReference; lastKnownFileType = wrapper.framework; name = WidgetKit.framework; path = System/Library/Frameworks/WidgetKit.framework; sourceTree = SDKROOT; };
		2A1FD0392BF2B67300335913 /* SwiftUI.framework */ = {isa = PBXFileReference; lastKnownFileType = wrapper.framework; name = SwiftUI.framework; path = System/Library/Frameworks/SwiftUI.framework; sourceTree = SDKROOT; };
		2A1FD03C2BF2B67300335913 /* CountdownWidgetBundle.swift */ = {isa = PBXFileReference; lastKnownFileType = sourcecode.swift; path = CountdownWidgetBundle.swift; sourceTree = "<group>"; };
		2A1FD03E2BF2B67300335913 /* CountdownWidget.swift */ = {isa = PBXFileReference; lastKnownFileType = sourcecode.swift; path = CountdownWidget.swift; sourceTree = "<group>"; };
		2A1FD0422BF2B67400335913 /* Info.plist */ = {isa = PBXFileReference; lastKnownFileType = text.plist.xml; path = Info.plist; sourceTree = "<group>"; };
		2A2A8F5B2BA4D64D008D24CE /* StoppelMap.app */ = {isa = PBXFileReference; explicitFileType = wrapper.application; includeInIndex = 0; path = StoppelMap.app; sourceTree = BUILT_PRODUCTS_DIR; };
		2A2A8F5E2BA4D64D008D24CE /* StoppelMapApp.swift */ = {isa = PBXFileReference; lastKnownFileType = sourcecode.swift; path = StoppelMapApp.swift; sourceTree = "<group>"; };
		2A2A8F602BA4D64D008D24CE /* ContentView.swift */ = {isa = PBXFileReference; lastKnownFileType = sourcecode.swift; path = ContentView.swift; sourceTree = "<group>"; };
		2A2A8F622BA4D64E008D24CE /* Assets.xcassets */ = {isa = PBXFileReference; lastKnownFileType = folder.assetcatalog; path = Assets.xcassets; sourceTree = "<group>"; };
		2A2A8F652BA4D64E008D24CE /* Preview Assets.xcassets */ = {isa = PBXFileReference; lastKnownFileType = folder.assetcatalog; path = "Preview Assets.xcassets"; sourceTree = "<group>"; };
		2A40405D2BC2FEEC00A5B072 /* TransportationOverviewScreen.swift */ = {isa = PBXFileReference; lastKnownFileType = sourcecode.swift; path = TransportationOverviewScreen.swift; sourceTree = "<group>"; };
		2A40405F2BC313C900A5B072 /* TransportationType.swift */ = {isa = PBXFileReference; lastKnownFileType = sourcecode.swift; path = TransportationType.swift; sourceTree = "<group>"; };
		2A4040612BC3145B00A5B072 /* TransportationBusOverviewPage.swift */ = {isa = PBXFileReference; lastKnownFileType = sourcecode.swift; path = TransportationBusOverviewPage.swift; sourceTree = "<group>"; };
		2A409AF52C1A29B00061F18E /* NewsScreen.swift */ = {isa = PBXFileReference; lastKnownFileType = sourcecode.swift; path = NewsScreen.swift; sourceTree = "<group>"; };
		2A58C0552BA4F7C100FDA014 /* HomeScreen.swift */ = {isa = PBXFileReference; lastKnownFileType = sourcecode.swift; path = HomeScreen.swift; sourceTree = "<group>"; };
		2A58C0582BA4F81000FDA014 /* CountdownCard.swift */ = {isa = PBXFileReference; lastKnownFileType = sourcecode.swift; path = CountdownCard.swift; sourceTree = "<group>"; };
		2A6066442BB052900067FB33 /* MapView.swift */ = {isa = PBXFileReference; lastKnownFileType = sourcecode.swift; path = MapView.swift; sourceTree = "<group>"; };
		2A6066462BB0572F0067FB33 /* MapScreen.swift */ = {isa = PBXFileReference; lastKnownFileType = sourcecode.swift; path = MapScreen.swift; sourceTree = "<group>"; };
		2A6873242BC9EE43008442FC /* StationScreen.swift */ = {isa = PBXFileReference; lastKnownFileType = sourcecode.swift; path = StationScreen.swift; sourceTree = "<group>"; };
		2A77811C2BB8AC6E00C1FC25 /* database.db */ = {isa = PBXFileReference; lastKnownFileType = file; name = database.db; path = ../../../shared/resources/src/commonMain/resources/MR/assets/database.db; sourceTree = "<group>"; };
		2A77811D2BB8AC6E00C1FC25 /* mapdata.geojson */ = {isa = PBXFileReference; fileEncoding = 4; lastKnownFileType = text; name = mapdata.geojson; path = ../../../shared/resources/src/commonMain/resources/MR/assets/mapdata.geojson; sourceTree = "<group>"; };
		2A7781212BBB13E500C1FC25 /* ScheduleScreen.swift */ = {isa = PBXFileReference; lastKnownFileType = sourcecode.swift; path = ScheduleScreen.swift; sourceTree = "<group>"; };
		2A7781232BBB161D00C1FC25 /* Utils.swift */ = {isa = PBXFileReference; lastKnownFileType = sourcecode.swift; path = Utils.swift; sourceTree = "<group>"; };
		2A7781252BBB2F7200C1FC25 /* EventPage.swift */ = {isa = PBXFileReference; lastKnownFileType = sourcecode.swift; path = EventPage.swift; sourceTree = "<group>"; };
		2A838B202C26D0D3005642A1 /* UnderConstrcutionPlaceholder.swift */ = {isa = PBXFileReference; lastKnownFileType = sourcecode.swift; path = UnderConstrcutionPlaceholder.swift; sourceTree = "<group>"; };
		2A838B262C282B33005642A1 /* UnderConstruction.json */ = {isa = PBXFileReference; fileEncoding = 4; lastKnownFileType = text.json; path = UnderConstruction.json; sourceTree = "<group>"; };
		2A92605A2BF6799B00C57918 /* SettingsScreen.swift */ = {isa = PBXFileReference; lastKnownFileType = sourcecode.swift; path = SettingsScreen.swift; sourceTree = "<group>"; };
		2ACCB05C2BB21D8100DA01B6 /* map */ = {isa = PBXFileReference; lastKnownFileType = folder; name = map; path = ../../../shared/resources/src/commonMain/resources/MR/assets/map; sourceTree = "<group>"; };
		2ACCB05E2BB2227D00DA01B6 /* MapColors.swift */ = {isa = PBXFileReference; lastKnownFileType = sourcecode.swift; path = MapColors.swift; sourceTree = "<group>"; };
		2AD0F9902C0121B300FDB2A3 /* RobotoSlab-Regular.ttf */ = {isa = PBXFileReference; lastKnownFileType = file; path = "RobotoSlab-Regular.ttf"; sourceTree = "<group>"; };
		2AD0F9912C0121B300FDB2A3 /* RobotoSlab-Bold.ttf */ = {isa = PBXFileReference; lastKnownFileType = file; path = "RobotoSlab-Bold.ttf"; sourceTree = "<group>"; };
		2AD0F9922C0121B300FDB2A3 /* RobotoSlab-Light.ttf */ = {isa = PBXFileReference; lastKnownFileType = file; path = "RobotoSlab-Light.ttf"; sourceTree = "<group>"; };
		2AD0F9932C0121B400FDB2A3 /* RobotoSlab-Thin.ttf */ = {isa = PBXFileReference; lastKnownFileType = file; path = "RobotoSlab-Thin.ttf"; sourceTree = "<group>"; };
		2AD0F99C2C0124EE00FDB2A3 /* StoppelMap-Info.plist */ = {isa = PBXFileReference; lastKnownFileType = text.plist; path = "StoppelMap-Info.plist"; sourceTree = "<group>"; };
		2AD0F99D2C01281000FDB2A3 /* Fonts.swift */ = {isa = PBXFileReference; lastKnownFileType = sourcecode.swift; path = Fonts.swift; sourceTree = "<group>"; };
		2AE7AF212C22301600CC0FF7 /* BlurHash.swift */ = {isa = PBXFileReference; lastKnownFileType = sourcecode.swift; path = BlurHash.swift; sourceTree = "<group>"; };
		2AE7AF242C22434D00CC0FF7 /* CachedAsyncImage.swift */ = {isa = PBXFileReference; lastKnownFileType = sourcecode.swift; path = CachedAsyncImage.swift; sourceTree = "<group>"; };
		2AE90B4D2BC87527007B7241 /* RouteScreen.swift */ = {isa = PBXFileReference; lastKnownFileType = sourcecode.swift; path = RouteScreen.swift; sourceTree = "<group>"; };
/* End PBXFileReference section */

/* Begin PBXFrameworksBuildPhase section */
		2A1FD0322BF2B67300335913 /* Frameworks */ = {
			isa = PBXFrameworksBuildPhase;
			buildActionMask = 2147483647;
			files = (
				2A1FD03A2BF2B67300335913 /* SwiftUI.framework in Frameworks */,
				2A1FD0382BF2B67300335913 /* WidgetKit.framework in Frameworks */,
			);
			runOnlyForDeploymentPostprocessing = 0;
		};
		2A2A8F582BA4D64D008D24CE /* Frameworks */ = {
			isa = PBXFrameworksBuildPhase;
			buildActionMask = 2147483647;
			files = (
				2A60663F2BB051B30067FB33 /* MapLibre in Frameworks */,
				2A838B242C2809E9005642A1 /* Lottie in Frameworks */,
			);
			runOnlyForDeploymentPostprocessing = 0;
		};
/* End PBXFrameworksBuildPhase section */

/* Begin PBXGroup section */
		2A1FD0362BF2B67300335913 /* Frameworks */ = {
			isa = PBXGroup;
			children = (
				2A1FD0372BF2B67300335913 /* WidgetKit.framework */,
				2A1FD0392BF2B67300335913 /* SwiftUI.framework */,
			);
			name = Frameworks;
			sourceTree = "<group>";
		};
		2A1FD03B2BF2B67300335913 /* CountdownWidget */ = {
			isa = PBXGroup;
			children = (
				2A1FD03C2BF2B67300335913 /* CountdownWidgetBundle.swift */,
				2A1FD03E2BF2B67300335913 /* CountdownWidget.swift */,
				2A1FD0422BF2B67400335913 /* Info.plist */,
			);
			path = CountdownWidget;
			sourceTree = "<group>";
		};
		2A2A8F522BA4D64D008D24CE = {
			isa = PBXGroup;
			children = (
				2A838B252C282ABC005642A1 /* Animations */,
				2AD0F99D2C01281000FDB2A3 /* Fonts.swift */,
				2AD0F99C2C0124EE00FDB2A3 /* StoppelMap-Info.plist */,
				2AD0F9832C01215500FDB2A3 /* fonts */,
				2A2A8F622BA4D64E008D24CE /* Assets.xcassets */,
				2A2A8F5D2BA4D64D008D24CE /* iosApp */,
				2A1FD03B2BF2B67300335913 /* CountdownWidget */,
				2A1FD0362BF2B67300335913 /* Frameworks */,
				2A2A8F5C2BA4D64D008D24CE /* Products */,
			);
			sourceTree = "<group>";
		};
		2A2A8F5C2BA4D64D008D24CE /* Products */ = {
			isa = PBXGroup;
			children = (
				2A2A8F5B2BA4D64D008D24CE /* StoppelMap.app */,
				2A1FD0352BF2B67300335913 /* CountdownWidgetExtension.appex */,
			);
			name = Products;
			sourceTree = "<group>";
		};
		2A2A8F5D2BA4D64D008D24CE /* iosApp */ = {
			isa = PBXGroup;
			children = (
				2A838B1F2C26D0AC005642A1 /* common */,
				2AE7AF202C22300100CC0FF7 /* utils */,
				2A409AF42C1A29A10061F18E /* news */,
				2A9260592BF6798200C57918 /* settings */,
				2A40405C2BC2FEC600A5B072 /* transportation */,
				2A7781202BBB13C400C1FC25 /* schedule */,
				2ACCB0572BB21AA600DA01B6 /* Resources */,
				2A6066412BB052630067FB33 /* map */,
				2A58C0542BA4F7AB00FDA014 /* home */,
				2A2A8F5E2BA4D64D008D24CE /* StoppelMapApp.swift */,
				2A2A8F602BA4D64D008D24CE /* ContentView.swift */,
				2A2A8F642BA4D64E008D24CE /* Preview Content */,
			);
			path = iosApp;
			sourceTree = "<group>";
		};
		2A2A8F642BA4D64E008D24CE /* Preview Content */ = {
			isa = PBXGroup;
			children = (
				2A2A8F652BA4D64E008D24CE /* Preview Assets.xcassets */,
			);
			path = "Preview Content";
			sourceTree = "<group>";
		};
		2A40405C2BC2FEC600A5B072 /* transportation */ = {
			isa = PBXGroup;
			children = (
				2A6873232BC9EE34008442FC /* station */,
				2AE90B4C2BC87512007B7241 /* route */,
				2A4040632BC31E4600A5B072 /* overview */,
			);
			path = transportation;
			sourceTree = "<group>";
		};
		2A4040632BC31E4600A5B072 /* overview */ = {
			isa = PBXGroup;
			children = (
				2A40405D2BC2FEEC00A5B072 /* TransportationOverviewScreen.swift */,
				2A40405F2BC313C900A5B072 /* TransportationType.swift */,
				2A4040612BC3145B00A5B072 /* TransportationBusOverviewPage.swift */,
			);
			path = overview;
			sourceTree = "<group>";
		};
		2A409AF42C1A29A10061F18E /* news */ = {
			isa = PBXGroup;
			children = (
				2A409AF52C1A29B00061F18E /* NewsScreen.swift */,
			);
			path = news;
			sourceTree = "<group>";
		};
		2A58C0542BA4F7AB00FDA014 /* home */ = {
			isa = PBXGroup;
			children = (
				2A58C0552BA4F7C100FDA014 /* HomeScreen.swift */,
				2A58C0582BA4F81000FDA014 /* CountdownCard.swift */,
			);
			path = home;
			sourceTree = "<group>";
		};
		2A6066412BB052630067FB33 /* map */ = {
			isa = PBXGroup;
			children = (
				2A6066442BB052900067FB33 /* MapView.swift */,
				2A6066462BB0572F0067FB33 /* MapScreen.swift */,
				2ACCB05E2BB2227D00DA01B6 /* MapColors.swift */,
			);
			path = map;
			sourceTree = "<group>";
		};
		2A6873232BC9EE34008442FC /* station */ = {
			isa = PBXGroup;
			children = (
				2A6873242BC9EE43008442FC /* StationScreen.swift */,
			);
			path = station;
			sourceTree = "<group>";
		};
		2A7781202BBB13C400C1FC25 /* schedule */ = {
			isa = PBXGroup;
			children = (
				2A7781212BBB13E500C1FC25 /* ScheduleScreen.swift */,
				2A7781252BBB2F7200C1FC25 /* EventPage.swift */,
			);
			path = schedule;
			sourceTree = "<group>";
		};
		2A838B1F2C26D0AC005642A1 /* common */ = {
			isa = PBXGroup;
			children = (
				2A838B202C26D0D3005642A1 /* UnderConstrcutionPlaceholder.swift */,
			);
			path = common;
			sourceTree = "<group>";
		};
		2A838B252C282ABC005642A1 /* Animations */ = {
			isa = PBXGroup;
			children = (
				2A838B262C282B33005642A1 /* UnderConstruction.json */,
			);
			path = Animations;
			sourceTree = "<group>";
		};
		2A9260592BF6798200C57918 /* settings */ = {
			isa = PBXGroup;
			children = (
				2A92605A2BF6799B00C57918 /* SettingsScreen.swift */,
			);
			path = settings;
			sourceTree = "<group>";
		};
		2ACCB0572BB21AA600DA01B6 /* Resources */ = {
			isa = PBXGroup;
			children = (
				2A77811C2BB8AC6E00C1FC25 /* database.db */,
				2A77811D2BB8AC6E00C1FC25 /* mapdata.geojson */,
				2ACCB05C2BB21D8100DA01B6 /* map */,
			);
			path = Resources;
			sourceTree = "<group>";
		};
		2AD0F9832C01215500FDB2A3 /* fonts */ = {
			isa = PBXGroup;
			children = (
				2AD0F9912C0121B300FDB2A3 /* RobotoSlab-Bold.ttf */,
				2AD0F9922C0121B300FDB2A3 /* RobotoSlab-Light.ttf */,
				2AD0F9902C0121B300FDB2A3 /* RobotoSlab-Regular.ttf */,
				2AD0F9932C0121B400FDB2A3 /* RobotoSlab-Thin.ttf */,
			);
			path = fonts;
			sourceTree = "<group>";
		};
		2AE7AF202C22300100CC0FF7 /* utils */ = {
			isa = PBXGroup;
			children = (
				2A7781232BBB161D00C1FC25 /* Utils.swift */,
				2AE7AF212C22301600CC0FF7 /* BlurHash.swift */,
				2AE7AF242C22434D00CC0FF7 /* CachedAsyncImage.swift */,
			);
			path = utils;
			sourceTree = "<group>";
		};
		2AE90B4C2BC87512007B7241 /* route */ = {
			isa = PBXGroup;
			children = (
				2AE90B4D2BC87527007B7241 /* RouteScreen.swift */,
			);
			path = route;
			sourceTree = "<group>";
		};
/* End PBXGroup section */

/* Begin PBXNativeTarget section */
		2A1FD0342BF2B67300335913 /* CountdownWidgetExtension */ = {
			isa = PBXNativeTarget;
			buildConfigurationList = 2A1FD0492BF2B67500335913 /* Build configuration list for PBXNativeTarget "CountdownWidgetExtension" */;
			buildPhases = (
				2A1FD04A2BF2BB5400335913 /* Build Shared Kotlin Framework */,
				2A1FD0312BF2B67300335913 /* Sources */,
				2A1FD0322BF2B67300335913 /* Frameworks */,
				2A1FD0332BF2B67300335913 /* Resources */,
				2A1FD04B2BF2C3CB00335913 /* Copy Shared Framework Resources */,
			);
			buildRules = (
			);
			dependencies = (
			);
			name = CountdownWidgetExtension;
			productName = CountdownWidgetExtension;
			productReference = 2A1FD0352BF2B67300335913 /* CountdownWidgetExtension.appex */;
			productType = "com.apple.product-type.app-extension";
		};
		2A2A8F5A2BA4D64D008D24CE /* StoppelMap */ = {
			isa = PBXNativeTarget;
			buildConfigurationList = 2A2A8F692BA4D64E008D24CE /* Build configuration list for PBXNativeTarget "StoppelMap" */;
			buildPhases = (
				2A58C05B2BA50CF200FDA014 /* Build Shared Kotlin Framework */,
				2A2A8F572BA4D64D008D24CE /* Sources */,
				2A2A8F582BA4D64D008D24CE /* Frameworks */,
				2A2A8F592BA4D64D008D24CE /* Resources */,
				2AB2D12D2BAB33B5002A7A42 /* Copy Shared Framework Resources */,
				2A1FD0462BF2B67400335913 /* Embed Foundation Extensions */,
			);
			buildRules = (
				2A58C05A2BA50CE400FDA014 /* PBXBuildRule */,
			);
			dependencies = (
				2A1FD0442BF2B67400335913 /* PBXTargetDependency */,
			);
			name = StoppelMap;
			packageProductDependencies = (
				2A60663E2BB051B30067FB33 /* MapLibre */,
				2A838B232C2809E9005642A1 /* Lottie */,
			);
			productName = StoppelMap;
			productReference = 2A2A8F5B2BA4D64D008D24CE /* StoppelMap.app */;
			productType = "com.apple.product-type.application";
		};
/* End PBXNativeTarget section */

/* Begin PBXProject section */
		2A2A8F532BA4D64D008D24CE /* Project object */ = {
			isa = PBXProject;
			attributes = {
				BuildIndependentTargetsInParallel = 1;
				LastSwiftUpdateCheck = 1530;
				LastUpgradeCheck = 1530;
				TargetAttributes = {
					2A1FD0342BF2B67300335913 = {
						CreatedOnToolsVersion = 15.3;
					};
					2A2A8F5A2BA4D64D008D24CE = {
						CreatedOnToolsVersion = 15.3;
					};
				};
			};
			buildConfigurationList = 2A2A8F562BA4D64D008D24CE /* Build configuration list for PBXProject "iosApp" */;
			compatibilityVersion = "Xcode 14.0";
			developmentRegion = de;
			hasScannedForEncodings = 0;
			knownRegions = (
				de,
				en,
			);
			mainGroup = 2A2A8F522BA4D64D008D24CE;
			packageReferences = (
				2A60663D2BB051B30067FB33 /* XCRemoteSwiftPackageReference "maplibre-gl-native-distribution" */,
				2A838B222C2809E9005642A1 /* XCRemoteSwiftPackageReference "lottie-spm" */,
			);
			productRefGroup = 2A2A8F5C2BA4D64D008D24CE /* Products */;
			projectDirPath = "";
			projectRoot = "";
			targets = (
				2A2A8F5A2BA4D64D008D24CE /* StoppelMap */,
				2A1FD0342BF2B67300335913 /* CountdownWidgetExtension */,
			);
		};
/* End PBXProject section */

/* Begin PBXResourcesBuildPhase section */
		2A1FD0332BF2B67300335913 /* Resources */ = {
			isa = PBXResourcesBuildPhase;
			buildActionMask = 2147483647;
			files = (
				2AD0F9992C0121B400FDB2A3 /* RobotoSlab-Light.ttf in Resources */,
				2AD0F99B2C0121B400FDB2A3 /* RobotoSlab-Thin.ttf in Resources */,
				2AD0F9952C0121B400FDB2A3 /* RobotoSlab-Regular.ttf in Resources */,
				2ACFF92A2BFFE03D00000F76 /* Assets.xcassets in Resources */,
				2AD0F9972C0121B400FDB2A3 /* RobotoSlab-Bold.ttf in Resources */,
			);
			runOnlyForDeploymentPostprocessing = 0;
		};
		2A2A8F592BA4D64D008D24CE /* Resources */ = {
			isa = PBXResourcesBuildPhase;
			buildActionMask = 2147483647;
			files = (
				2A2A8F632BA4D64E008D24CE /* Assets.xcassets in Resources */,
				2AD0F9982C0121B400FDB2A3 /* RobotoSlab-Light.ttf in Resources */,
				2AD0F9942C0121B400FDB2A3 /* RobotoSlab-Regular.ttf in Resources */,
				2A838B272C282B33005642A1 /* UnderConstruction.json in Resources */,
				2AD0F9962C0121B400FDB2A3 /* RobotoSlab-Bold.ttf in Resources */,
				2ACCB05D2BB21D8100DA01B6 /* map in Resources */,
				2A77811F2BB8AC6E00C1FC25 /* mapdata.geojson in Resources */,
				2AD0F99A2C0121B400FDB2A3 /* RobotoSlab-Thin.ttf in Resources */,
				2A77811E2BB8AC6E00C1FC25 /* database.db in Resources */,
			);
			runOnlyForDeploymentPostprocessing = 0;
		};
/* End PBXResourcesBuildPhase section */

/* Begin PBXShellScriptBuildPhase section */
		2A1FD04A2BF2BB5400335913 /* Build Shared Kotlin Framework */ = {
			isa = PBXShellScriptBuildPhase;
			buildActionMask = 2147483647;
			files = (
			);
			inputFileListPaths = (
			);
			inputPaths = (
			);
			name = "Build Shared Kotlin Framework";
			outputFileListPaths = (
			);
			outputPaths = (
			);
			runOnlyForDeploymentPostprocessing = 0;
			shellPath = /bin/sh;
			shellScript = "cd \"$SRCROOT/..\"\n./gradlew :shared:embedAndSignAppleFrameworkForXcode\n";
		};
		2A1FD04B2BF2C3CB00335913 /* Copy Shared Framework Resources */ = {
			isa = PBXShellScriptBuildPhase;
			buildActionMask = 2147483647;
			files = (
			);
			inputFileListPaths = (
			);
			inputPaths = (
			);
			name = "Copy Shared Framework Resources";
			outputFileListPaths = (
			);
			outputPaths = (
			);
			runOnlyForDeploymentPostprocessing = 0;
			shellPath = /bin/sh;
			shellScript = "cd \"$SRCROOT/..\"\n./gradlew :shared:copyFrameworkResourcesToApp \\\n    -Pmoko.resources.PLATFORM_NAME=\"$PLATFORM_NAME\" \\\n    -Pmoko.resources.CONFIGURATION=\"$CONFIGURATION\" \\\n    -Pmoko.resources.ARCHS=\"$ARCHS\" \\\n    -Pmoko.resources.BUILT_PRODUCTS_DIR=\"$BUILT_PRODUCTS_DIR\" \\\n    -Pmoko.resources.CONTENTS_FOLDER_PATH=\"$CONTENTS_FOLDER_PATH\"\n";
		};
		2A58C05B2BA50CF200FDA014 /* Build Shared Kotlin Framework */ = {
			isa = PBXShellScriptBuildPhase;
			buildActionMask = 2147483647;
			files = (
			);
			inputFileListPaths = (
			);
			inputPaths = (
			);
			name = "Build Shared Kotlin Framework";
			outputFileListPaths = (
			);
			outputPaths = (
			);
			runOnlyForDeploymentPostprocessing = 0;
			shellPath = /bin/sh;
			shellScript = "cd \"$SRCROOT/..\"\n./gradlew :shared:embedAndSignAppleFrameworkForXcode\n";
		};
		2AB2D12D2BAB33B5002A7A42 /* Copy Shared Framework Resources */ = {
			isa = PBXShellScriptBuildPhase;
			buildActionMask = 2147483647;
			files = (
			);
			inputFileListPaths = (
			);
			inputPaths = (
			);
			name = "Copy Shared Framework Resources";
			outputFileListPaths = (
			);
			outputPaths = (
			);
			runOnlyForDeploymentPostprocessing = 0;
			shellPath = /bin/sh;
			shellScript = "cd \"$SRCROOT/..\"\n./gradlew :shared:copyFrameworkResourcesToApp \\\n    -Pmoko.resources.PLATFORM_NAME=\"$PLATFORM_NAME\" \\\n    -Pmoko.resources.CONFIGURATION=\"$CONFIGURATION\" \\\n    -Pmoko.resources.ARCHS=\"$ARCHS\" \\\n    -Pmoko.resources.BUILT_PRODUCTS_DIR=\"$BUILT_PRODUCTS_DIR\" \\\n    -Pmoko.resources.CONTENTS_FOLDER_PATH=\"$CONTENTS_FOLDER_PATH\"\n";
		};
/* End PBXShellScriptBuildPhase section */

/* Begin PBXSourcesBuildPhase section */
		2A1FD0312BF2B67300335913 /* Sources */ = {
			isa = PBXSourcesBuildPhase;
			buildActionMask = 2147483647;
			files = (
				2A1FD03D2BF2B67300335913 /* CountdownWidgetBundle.swift in Sources */,
				2AD0F99F2C01281000FDB2A3 /* Fonts.swift in Sources */,
				2A1FD03F2BF2B67300335913 /* CountdownWidget.swift in Sources */,
			);
			runOnlyForDeploymentPostprocessing = 0;
		};
		2A2A8F572BA4D64D008D24CE /* Sources */ = {
			isa = PBXSourcesBuildPhase;
			buildActionMask = 2147483647;
			files = (
				2A92605B2BF6799B00C57918 /* SettingsScreen.swift in Sources */,
				2A6066472BB0572F0067FB33 /* MapScreen.swift in Sources */,
				2A409AF62C1A29B00061F18E /* NewsScreen.swift in Sources */,
				2A2A8F612BA4D64D008D24CE /* ContentView.swift in Sources */,
				2A7781242BBB161D00C1FC25 /* Utils.swift in Sources */,
				2AE90B4E2BC87527007B7241 /* RouteScreen.swift in Sources */,
				2A838B212C26D0D3005642A1 /* UnderConstrcutionPlaceholder.swift in Sources */,
				2A58C0592BA4F81000FDA014 /* CountdownCard.swift in Sources */,
				2A6066452BB052900067FB33 /* MapView.swift in Sources */,
				2AD0F99E2C01281000FDB2A3 /* Fonts.swift in Sources */,
				2A4040602BC313C900A5B072 /* TransportationType.swift in Sources */,
				2A6873252BC9EE43008442FC /* StationScreen.swift in Sources */,
				2A40405E2BC2FEEC00A5B072 /* TransportationOverviewScreen.swift in Sources */,
				2A7781222BBB13E500C1FC25 /* ScheduleScreen.swift in Sources */,
				2A4040622BC3145B00A5B072 /* TransportationBusOverviewPage.swift in Sources */,
				2A2A8F5F2BA4D64D008D24CE /* StoppelMapApp.swift in Sources */,
				2A58C0562BA4F7C100FDA014 /* HomeScreen.swift in Sources */,
				2ACCB05F2BB2227D00DA01B6 /* MapColors.swift in Sources */,
				2A7781262BBB2F7200C1FC25 /* EventPage.swift in Sources */,
				2AE7AF252C22434D00CC0FF7 /* CachedAsyncImage.swift in Sources */,
				2AE7AF222C22301600CC0FF7 /* BlurHash.swift in Sources */,
			);
			runOnlyForDeploymentPostprocessing = 0;
		};
/* End PBXSourcesBuildPhase section */

/* Begin PBXTargetDependency section */
		2A1FD0442BF2B67400335913 /* PBXTargetDependency */ = {
			isa = PBXTargetDependency;
			target = 2A1FD0342BF2B67300335913 /* CountdownWidgetExtension */;
			targetProxy = 2A1FD0432BF2B67400335913 /* PBXContainerItemProxy */;
		};
/* End PBXTargetDependency section */

/* Begin XCBuildConfiguration section */
		2A1FD0472BF2B67400335913 /* Debug */ = {
			isa = XCBuildConfiguration;
			buildSettings = {
				ASSETCATALOG_COMPILER_GLOBAL_ACCENT_COLOR_NAME = AccentColor;
				ASSETCATALOG_COMPILER_WIDGET_BACKGROUND_COLOR_NAME = WidgetBackground;
				CODE_SIGN_STYLE = Automatic;
				CURRENT_PROJECT_VERSION = 240523890;
				DEVELOPMENT_TEAM = 34ATLT5LH3;
				FRAMEWORK_SEARCH_PATHS = "$(SRCROOT)/../shared/build/xcode-frameworks/$(CONFIGURATION)/$(SDK_NAME)";
				GENERATE_INFOPLIST_FILE = YES;
				INFOPLIST_FILE = CountdownWidget/Info.plist;
				INFOPLIST_KEY_CFBundleDisplayName = CountdownWidget;
				INFOPLIST_KEY_NSHumanReadableCopyright = "";
				IPHONEOS_DEPLOYMENT_TARGET = 16.0;
				LD_RUNPATH_SEARCH_PATHS = (
					"$(inherited)",
					"@executable_path/Frameworks",
					"@executable_path/../../Frameworks",
				);
				MARKETING_VERSION = "v24.05.23.890-6bba8a87";
				OTHER_LDFLAGS = "-lsqlite3";
				PRODUCT_BUNDLE_IDENTIFIER = com.jonasgerdes.StoppelMap.CountdownWidget;
				PRODUCT_NAME = "$(TARGET_NAME)";
				SKIP_INSTALL = YES;
				SUPPORTED_PLATFORMS = "iphoneos iphonesimulator";
				SUPPORTS_MACCATALYST = NO;
				SUPPORTS_MAC_DESIGNED_FOR_IPHONE_IPAD = NO;
				SUPPORTS_XR_DESIGNED_FOR_IPHONE_IPAD = NO;
				SWIFT_EMIT_LOC_STRINGS = YES;
				SWIFT_VERSION = 5.0;
				TARGETED_DEVICE_FAMILY = 1;
			};
			name = Debug;
		};
		2A1FD0482BF2B67400335913 /* Release */ = {
			isa = XCBuildConfiguration;
			buildSettings = {
				ASSETCATALOG_COMPILER_GLOBAL_ACCENT_COLOR_NAME = AccentColor;
				ASSETCATALOG_COMPILER_WIDGET_BACKGROUND_COLOR_NAME = WidgetBackground;
				CODE_SIGN_STYLE = Automatic;
				CURRENT_PROJECT_VERSION = 240523890;
				DEVELOPMENT_TEAM = 34ATLT5LH3;
				FRAMEWORK_SEARCH_PATHS = "$(SRCROOT)/../shared/build/xcode-frameworks/$(CONFIGURATION)/$(SDK_NAME)";
				GENERATE_INFOPLIST_FILE = YES;
				INFOPLIST_FILE = CountdownWidget/Info.plist;
				INFOPLIST_KEY_CFBundleDisplayName = CountdownWidget;
				INFOPLIST_KEY_NSHumanReadableCopyright = "";
				IPHONEOS_DEPLOYMENT_TARGET = 16.0;
				LD_RUNPATH_SEARCH_PATHS = (
					"$(inherited)",
					"@executable_path/Frameworks",
					"@executable_path/../../Frameworks",
				);
				MARKETING_VERSION = "v24.05.23.890-6bba8a87";
				OTHER_LDFLAGS = "-lsqlite3";
				PRODUCT_BUNDLE_IDENTIFIER = com.jonasgerdes.StoppelMap.CountdownWidget;
				PRODUCT_NAME = "$(TARGET_NAME)";
				SKIP_INSTALL = YES;
				SUPPORTED_PLATFORMS = "iphoneos iphonesimulator";
				SUPPORTS_MACCATALYST = NO;
				SUPPORTS_MAC_DESIGNED_FOR_IPHONE_IPAD = NO;
				SUPPORTS_XR_DESIGNED_FOR_IPHONE_IPAD = NO;
				SWIFT_EMIT_LOC_STRINGS = YES;
				SWIFT_VERSION = 5.0;
				TARGETED_DEVICE_FAMILY = 1;
			};
			name = Release;
		};
		2A2A8F672BA4D64E008D24CE /* Debug */ = {
			isa = XCBuildConfiguration;
			buildSettings = {
				ALWAYS_SEARCH_USER_PATHS = NO;
				ASSETCATALOG_COMPILER_GENERATE_SWIFT_ASSET_SYMBOL_EXTENSIONS = YES;
				CLANG_ANALYZER_NONNULL = YES;
				CLANG_ANALYZER_NUMBER_OBJECT_CONVERSION = YES_AGGRESSIVE;
				CLANG_CXX_LANGUAGE_STANDARD = "gnu++20";
				CLANG_ENABLE_MODULES = YES;
				CLANG_ENABLE_OBJC_ARC = YES;
				CLANG_ENABLE_OBJC_WEAK = YES;
				CLANG_WARN_BLOCK_CAPTURE_AUTORELEASING = YES;
				CLANG_WARN_BOOL_CONVERSION = YES;
				CLANG_WARN_COMMA = YES;
				CLANG_WARN_CONSTANT_CONVERSION = YES;
				CLANG_WARN_DEPRECATED_OBJC_IMPLEMENTATIONS = YES;
				CLANG_WARN_DIRECT_OBJC_ISA_USAGE = YES_ERROR;
				CLANG_WARN_DOCUMENTATION_COMMENTS = YES;
				CLANG_WARN_EMPTY_BODY = YES;
				CLANG_WARN_ENUM_CONVERSION = YES;
				CLANG_WARN_INFINITE_RECURSION = YES;
				CLANG_WARN_INT_CONVERSION = YES;
				CLANG_WARN_NON_LITERAL_NULL_CONVERSION = YES;
				CLANG_WARN_OBJC_IMPLICIT_RETAIN_SELF = YES;
				CLANG_WARN_OBJC_LITERAL_CONVERSION = YES;
				CLANG_WARN_OBJC_ROOT_CLASS = YES_ERROR;
				CLANG_WARN_QUOTED_INCLUDE_IN_FRAMEWORK_HEADER = YES;
				CLANG_WARN_RANGE_LOOP_ANALYSIS = YES;
				CLANG_WARN_STRICT_PROTOTYPES = YES;
				CLANG_WARN_SUSPICIOUS_MOVE = YES;
				CLANG_WARN_UNGUARDED_AVAILABILITY = YES_AGGRESSIVE;
				CLANG_WARN_UNREACHABLE_CODE = YES;
				CLANG_WARN__DUPLICATE_METHOD_MATCH = YES;
				COPY_PHASE_STRIP = NO;
				DEBUG_INFORMATION_FORMAT = dwarf;
				ENABLE_STRICT_OBJC_MSGSEND = YES;
				ENABLE_TESTABILITY = YES;
				ENABLE_USER_SCRIPT_SANDBOXING = NO;
				GCC_C_LANGUAGE_STANDARD = gnu17;
				GCC_DYNAMIC_NO_PIC = NO;
				GCC_NO_COMMON_BLOCKS = YES;
				GCC_OPTIMIZATION_LEVEL = 0;
				GCC_PREPROCESSOR_DEFINITIONS = (
					"DEBUG=1",
					"$(inherited)",
				);
				GCC_WARN_64_TO_32_BIT_CONVERSION = YES;
				GCC_WARN_ABOUT_RETURN_TYPE = YES_ERROR;
				GCC_WARN_UNDECLARED_SELECTOR = YES;
				GCC_WARN_UNINITIALIZED_AUTOS = YES_AGGRESSIVE;
				GCC_WARN_UNUSED_FUNCTION = YES;
				GCC_WARN_UNUSED_VARIABLE = YES;
				IPHONEOS_DEPLOYMENT_TARGET = 17.4;
				LOCALIZATION_PREFERS_STRING_CATALOGS = YES;
				MTL_ENABLE_DEBUG_INFO = INCLUDE_SOURCE;
				MTL_FAST_MATH = YES;
				ONLY_ACTIVE_ARCH = YES;
				SDKROOT = iphoneos;
				SWIFT_ACTIVE_COMPILATION_CONDITIONS = "DEBUG $(inherited)";
				SWIFT_OPTIMIZATION_LEVEL = "-Onone";
			};
			name = Debug;
		};
		2A2A8F682BA4D64E008D24CE /* Release */ = {
			isa = XCBuildConfiguration;
			buildSettings = {
				ALWAYS_SEARCH_USER_PATHS = NO;
				ASSETCATALOG_COMPILER_GENERATE_SWIFT_ASSET_SYMBOL_EXTENSIONS = YES;
				CLANG_ANALYZER_NONNULL = YES;
				CLANG_ANALYZER_NUMBER_OBJECT_CONVERSION = YES_AGGRESSIVE;
				CLANG_CXX_LANGUAGE_STANDARD = "gnu++20";
				CLANG_ENABLE_MODULES = YES;
				CLANG_ENABLE_OBJC_ARC = YES;
				CLANG_ENABLE_OBJC_WEAK = YES;
				CLANG_WARN_BLOCK_CAPTURE_AUTORELEASING = YES;
				CLANG_WARN_BOOL_CONVERSION = YES;
				CLANG_WARN_COMMA = YES;
				CLANG_WARN_CONSTANT_CONVERSION = YES;
				CLANG_WARN_DEPRECATED_OBJC_IMPLEMENTATIONS = YES;
				CLANG_WARN_DIRECT_OBJC_ISA_USAGE = YES_ERROR;
				CLANG_WARN_DOCUMENTATION_COMMENTS = YES;
				CLANG_WARN_EMPTY_BODY = YES;
				CLANG_WARN_ENUM_CONVERSION = YES;
				CLANG_WARN_INFINITE_RECURSION = YES;
				CLANG_WARN_INT_CONVERSION = YES;
				CLANG_WARN_NON_LITERAL_NULL_CONVERSION = YES;
				CLANG_WARN_OBJC_IMPLICIT_RETAIN_SELF = YES;
				CLANG_WARN_OBJC_LITERAL_CONVERSION = YES;
				CLANG_WARN_OBJC_ROOT_CLASS = YES_ERROR;
				CLANG_WARN_QUOTED_INCLUDE_IN_FRAMEWORK_HEADER = YES;
				CLANG_WARN_RANGE_LOOP_ANALYSIS = YES;
				CLANG_WARN_STRICT_PROTOTYPES = YES;
				CLANG_WARN_SUSPICIOUS_MOVE = YES;
				CLANG_WARN_UNGUARDED_AVAILABILITY = YES_AGGRESSIVE;
				CLANG_WARN_UNREACHABLE_CODE = YES;
				CLANG_WARN__DUPLICATE_METHOD_MATCH = YES;
				COPY_PHASE_STRIP = NO;
				DEBUG_INFORMATION_FORMAT = "dwarf-with-dsym";
				ENABLE_NS_ASSERTIONS = NO;
				ENABLE_STRICT_OBJC_MSGSEND = YES;
				ENABLE_USER_SCRIPT_SANDBOXING = NO;
				GCC_C_LANGUAGE_STANDARD = gnu17;
				GCC_NO_COMMON_BLOCKS = YES;
				GCC_WARN_64_TO_32_BIT_CONVERSION = YES;
				GCC_WARN_ABOUT_RETURN_TYPE = YES_ERROR;
				GCC_WARN_UNDECLARED_SELECTOR = YES;
				GCC_WARN_UNINITIALIZED_AUTOS = YES_AGGRESSIVE;
				GCC_WARN_UNUSED_FUNCTION = YES;
				GCC_WARN_UNUSED_VARIABLE = YES;
				IPHONEOS_DEPLOYMENT_TARGET = 17.4;
				LOCALIZATION_PREFERS_STRING_CATALOGS = YES;
				MTL_ENABLE_DEBUG_INFO = NO;
				MTL_FAST_MATH = YES;
				SDKROOT = iphoneos;
				SWIFT_COMPILATION_MODE = wholemodule;
				VALIDATE_PRODUCT = YES;
			};
			name = Release;
		};
		2A2A8F6A2BA4D64E008D24CE /* Debug */ = {
			isa = XCBuildConfiguration;
			buildSettings = {
				ALWAYS_EMBED_SWIFT_STANDARD_LIBRARIES = YES;
				ASSETCATALOG_COMPILER_APPICON_NAME = AppIcon;
				ASSETCATALOG_COMPILER_GLOBAL_ACCENT_COLOR_NAME = AccentColor;
				CODE_SIGN_STYLE = Automatic;
				CURRENT_PROJECT_VERSION = 240523890;
				DEVELOPMENT_ASSET_PATHS = "iosApp/Preview\\ Content";
				DEVELOPMENT_TEAM = 34ATLT5LH3;
				ENABLE_PREVIEWS = YES;
				ENABLE_USER_SCRIPT_SANDBOXING = NO;
				FRAMEWORK_SEARCH_PATHS = "$(SRCROOT)/../shared/build/xcode-frameworks/$(CONFIGURATION)/$(SDK_NAME)";
				GENERATE_INFOPLIST_FILE = YES;
				INFOPLIST_FILE = "StoppelMap-Info.plist";
				INFOPLIST_KEY_CFBundleDisplayName = StoppelMap;
				INFOPLIST_KEY_LSApplicationCategoryType = "public.app-category.travel";
				INFOPLIST_KEY_UIApplicationSceneManifest_Generation = YES;
				INFOPLIST_KEY_UIApplicationSupportsIndirectInputEvents = YES;
				INFOPLIST_KEY_UILaunchScreen_Generation = YES;
				INFOPLIST_KEY_UISupportedInterfaceOrientations = UIInterfaceOrientationPortrait;
				IPHONEOS_DEPLOYMENT_TARGET = 16.0;
				LD_RUNPATH_SEARCH_PATHS = (
					"$(inherited)",
					"@executable_path/Frameworks",
				);
				MARKETING_VERSION = "v24.05.23.890-6bba8a87";
				OTHER_LDFLAGS = "-lsqlite3";
				PRODUCT_BUNDLE_IDENTIFIER = com.jonasgerdes.StoppelMap;
				PRODUCT_NAME = "$(TARGET_NAME)";
				SUPPORTED_PLATFORMS = "iphoneos iphonesimulator";
				SUPPORTS_MACCATALYST = NO;
				SUPPORTS_MAC_DESIGNED_FOR_IPHONE_IPAD = NO;
				SUPPORTS_XR_DESIGNED_FOR_IPHONE_IPAD = NO;
				SWIFT_EMIT_LOC_STRINGS = YES;
				SWIFT_VERSION = 5.0;
				TARGETED_DEVICE_FAMILY = 1;
			};
			name = Debug;
		};
		2A2A8F6B2BA4D64E008D24CE /* Release */ = {
			isa = XCBuildConfiguration;
			buildSettings = {
				ALWAYS_EMBED_SWIFT_STANDARD_LIBRARIES = YES;
				ASSETCATALOG_COMPILER_APPICON_NAME = AppIcon;
				ASSETCATALOG_COMPILER_GLOBAL_ACCENT_COLOR_NAME = AccentColor;
				CODE_SIGN_STYLE = Automatic;
				CURRENT_PROJECT_VERSION = 240523890;
				DEVELOPMENT_ASSET_PATHS = "iosApp/Preview\\ Content";
				DEVELOPMENT_TEAM = 34ATLT5LH3;
				ENABLE_PREVIEWS = YES;
				ENABLE_USER_SCRIPT_SANDBOXING = NO;
				FRAMEWORK_SEARCH_PATHS = "$(SRCROOT)/../shared/build/xcode-frameworks/$(CONFIGURATION)/$(SDK_NAME)";
				GENERATE_INFOPLIST_FILE = YES;
				INFOPLIST_FILE = "StoppelMap-Info.plist";
				INFOPLIST_KEY_CFBundleDisplayName = StoppelMap;
				INFOPLIST_KEY_LSApplicationCategoryType = "public.app-category.travel";
				INFOPLIST_KEY_UIApplicationSceneManifest_Generation = YES;
				INFOPLIST_KEY_UIApplicationSupportsIndirectInputEvents = YES;
				INFOPLIST_KEY_UILaunchScreen_Generation = YES;
				INFOPLIST_KEY_UISupportedInterfaceOrientations = UIInterfaceOrientationPortrait;
				IPHONEOS_DEPLOYMENT_TARGET = 16.0;
				LD_RUNPATH_SEARCH_PATHS = (
					"$(inherited)",
					"@executable_path/Frameworks",
				);
				MARKETING_VERSION = "v24.05.23.890-6bba8a87";
				OTHER_LDFLAGS = "-lsqlite3";
				PRODUCT_BUNDLE_IDENTIFIER = com.jonasgerdes.StoppelMap;
				PRODUCT_NAME = "$(TARGET_NAME)";
				SUPPORTED_PLATFORMS = "iphoneos iphonesimulator";
				SUPPORTS_MACCATALYST = NO;
				SUPPORTS_MAC_DESIGNED_FOR_IPHONE_IPAD = NO;
				SUPPORTS_XR_DESIGNED_FOR_IPHONE_IPAD = NO;
				SWIFT_EMIT_LOC_STRINGS = YES;
				SWIFT_VERSION = 5.0;
				TARGETED_DEVICE_FAMILY = 1;
			};
			name = Release;
		};
/* End XCBuildConfiguration section */

/* Begin XCConfigurationList section */
		2A1FD0492BF2B67500335913 /* Build configuration list for PBXNativeTarget "CountdownWidgetExtension" */ = {
			isa = XCConfigurationList;
			buildConfigurations = (
				2A1FD0472BF2B67400335913 /* Debug */,
				2A1FD0482BF2B67400335913 /* Release */,
			);
			defaultConfigurationIsVisible = 0;
			defaultConfigurationName = Release;
		};
		2A2A8F562BA4D64D008D24CE /* Build configuration list for PBXProject "iosApp" */ = {
			isa = XCConfigurationList;
			buildConfigurations = (
				2A2A8F672BA4D64E008D24CE /* Debug */,
				2A2A8F682BA4D64E008D24CE /* Release */,
			);
			defaultConfigurationIsVisible = 0;
			defaultConfigurationName = Release;
		};
		2A2A8F692BA4D64E008D24CE /* Build configuration list for PBXNativeTarget "StoppelMap" */ = {
			isa = XCConfigurationList;
			buildConfigurations = (
				2A2A8F6A2BA4D64E008D24CE /* Debug */,
				2A2A8F6B2BA4D64E008D24CE /* Release */,
			);
			defaultConfigurationIsVisible = 0;
			defaultConfigurationName = Release;
		};
/* End XCConfigurationList section */

/* Begin XCRemoteSwiftPackageReference section */
		2A60663D2BB051B30067FB33 /* XCRemoteSwiftPackageReference "maplibre-gl-native-distribution" */ = {
			isa = XCRemoteSwiftPackageReference;
			repositoryURL = "https://github.com/maplibre/maplibre-gl-native-distribution";
			requirement = {
				kind = upToNextMajorVersion;
				minimumVersion = 6.2.0;
			};
		};
		2A838B222C2809E9005642A1 /* XCRemoteSwiftPackageReference "lottie-spm" */ = {
			isa = XCRemoteSwiftPackageReference;
			repositoryURL = "https://github.com/airbnb/lottie-spm.git";
			requirement = {
				kind = upToNextMajorVersion;
				minimumVersion = 4.4.3;
			};
		};
/* End XCRemoteSwiftPackageReference section */

/* Begin XCSwiftPackageProductDependency section */
		2A60663E2BB051B30067FB33 /* MapLibre */ = {
			isa = XCSwiftPackageProductDependency;
			package = 2A60663D2BB051B30067FB33 /* XCRemoteSwiftPackageReference "maplibre-gl-native-distribution" */;
			productName = MapLibre;
		};
		2A838B232C2809E9005642A1 /* Lottie */ = {
			isa = XCSwiftPackageProductDependency;
			package = 2A838B222C2809E9005642A1 /* XCRemoteSwiftPackageReference "lottie-spm" */;
			productName = Lottie;
		};
/* End XCSwiftPackageProductDependency section */
	};
	rootObject = 2A2A8F532BA4D64D008D24CE /* Project object */;
}
