// !$*UTF8*$!
{
	archiveVersion = 1;
	classes = {
	};
	objectVersion = 56;
	objects = {

/* Begin PBXBuildFile section */
		2A2A8F5F2BA4D64D008D24CE /* StoppelMapApp.swift in Sources */ = {isa = PBXBuildFile; fileRef = 2A2A8F5E2BA4D64D008D24CE /* StoppelMapApp.swift */; };
		2A2A8F612BA4D64D008D24CE /* ContentView.swift in Sources */ = {isa = PBXBuildFile; fileRef = 2A2A8F602BA4D64D008D24CE /* ContentView.swift */; };
		2A2A8F632BA4D64E008D24CE /* Assets.xcassets in Resources */ = {isa = PBXBuildFile; fileRef = 2A2A8F622BA4D64E008D24CE /* Assets.xcassets */; };
		2A58C0562BA4F7C100FDA014 /* HomeScreen.swift in Sources */ = {isa = PBXBuildFile; fileRef = 2A58C0552BA4F7C100FDA014 /* HomeScreen.swift */; };
		2A58C0592BA4F81000FDA014 /* CountdownCard.swift in Sources */ = {isa = PBXBuildFile; fileRef = 2A58C0582BA4F81000FDA014 /* CountdownCard.swift */; };
		2A60663F2BB051B30067FB33 /* MapLibre in Frameworks */ = {isa = PBXBuildFile; productRef = 2A60663E2BB051B30067FB33 /* MapLibre */; };
		2A6066452BB052900067FB33 /* MapView.swift in Sources */ = {isa = PBXBuildFile; fileRef = 2A6066442BB052900067FB33 /* MapView.swift */; };
		2A6066472BB0572F0067FB33 /* MapScreen.swift in Sources */ = {isa = PBXBuildFile; fileRef = 2A6066462BB0572F0067FB33 /* MapScreen.swift */; };
		2ACCB05D2BB21D8100DA01B6 /* map in Resources */ = {isa = PBXBuildFile; fileRef = 2ACCB05C2BB21D8100DA01B6 /* map */; };
		2ACCB05F2BB2227D00DA01B6 /* MapColors.swift in Sources */ = {isa = PBXBuildFile; fileRef = 2ACCB05E2BB2227D00DA01B6 /* MapColors.swift */; };
/* End PBXBuildFile section */

/* Begin PBXBuildRule section */
		2A58C05A2BA50CE400FDA014 /* PBXBuildRule */ = {
			isa = PBXBuildRule;
			compilerSpec = com.apple.compilers.proxy.script;
			fileType = pattern.proxy;
			inputFiles = (
			);
			isEditable = 1;
			outputFiles = (
			);
			script = "# Type a script or drag a script file from your workspace to insert its path.\n";
		};
/* End PBXBuildRule section */

/* Begin PBXFileReference section */
		2A2A8F5B2BA4D64D008D24CE /* StoppelMap.app */ = {isa = PBXFileReference; explicitFileType = wrapper.application; includeInIndex = 0; path = StoppelMap.app; sourceTree = BUILT_PRODUCTS_DIR; };
		2A2A8F5E2BA4D64D008D24CE /* StoppelMapApp.swift */ = {isa = PBXFileReference; lastKnownFileType = sourcecode.swift; path = StoppelMapApp.swift; sourceTree = "<group>"; };
		2A2A8F602BA4D64D008D24CE /* ContentView.swift */ = {isa = PBXFileReference; lastKnownFileType = sourcecode.swift; path = ContentView.swift; sourceTree = "<group>"; };
		2A2A8F622BA4D64E008D24CE /* Assets.xcassets */ = {isa = PBXFileReference; lastKnownFileType = folder.assetcatalog; path = Assets.xcassets; sourceTree = "<group>"; };
		2A2A8F652BA4D64E008D24CE /* Preview Assets.xcassets */ = {isa = PBXFileReference; lastKnownFileType = folder.assetcatalog; path = "Preview Assets.xcassets"; sourceTree = "<group>"; };
		2A58C0552BA4F7C100FDA014 /* HomeScreen.swift */ = {isa = PBXFileReference; lastKnownFileType = sourcecode.swift; path = HomeScreen.swift; sourceTree = "<group>"; };
		2A58C0582BA4F81000FDA014 /* CountdownCard.swift */ = {isa = PBXFileReference; lastKnownFileType = sourcecode.swift; path = CountdownCard.swift; sourceTree = "<group>"; };
		2A6066442BB052900067FB33 /* MapView.swift */ = {isa = PBXFileReference; lastKnownFileType = sourcecode.swift; path = MapView.swift; sourceTree = "<group>"; };
		2A6066462BB0572F0067FB33 /* MapScreen.swift */ = {isa = PBXFileReference; lastKnownFileType = sourcecode.swift; path = MapScreen.swift; sourceTree = "<group>"; };
		2ACCB05C2BB21D8100DA01B6 /* map */ = {isa = PBXFileReference; lastKnownFileType = folder; name = map; path = ../../../shared/resources/src/commonMain/resources/MR/assets/map; sourceTree = "<group>"; };
		2ACCB05E2BB2227D00DA01B6 /* MapColors.swift */ = {isa = PBXFileReference; lastKnownFileType = sourcecode.swift; path = MapColors.swift; sourceTree = "<group>"; };
/* End PBXFileReference section */

/* Begin PBXFrameworksBuildPhase section */
		2A2A8F582BA4D64D008D24CE /* Frameworks */ = {
			isa = PBXFrameworksBuildPhase;
			buildActionMask = 2147483647;
			files = (
				2A60663F2BB051B30067FB33 /* MapLibre in Frameworks */,
			);
			runOnlyForDeploymentPostprocessing = 0;
		};
/* End PBXFrameworksBuildPhase section */

/* Begin PBXGroup section */
		2A2A8F522BA4D64D008D24CE = {
			isa = PBXGroup;
			children = (
				2A2A8F5D2BA4D64D008D24CE /* iosApp */,
				2A2A8F5C2BA4D64D008D24CE /* Products */,
			);
			sourceTree = "<group>";
		};
		2A2A8F5C2BA4D64D008D24CE /* Products */ = {
			isa = PBXGroup;
			children = (
				2A2A8F5B2BA4D64D008D24CE /* StoppelMap.app */,
			);
			name = Products;
			sourceTree = "<group>";
		};
		2A2A8F5D2BA4D64D008D24CE /* iosApp */ = {
			isa = PBXGroup;
			children = (
				2ACCB0572BB21AA600DA01B6 /* Resources */,
				2A6066412BB052630067FB33 /* map */,
				2A58C0542BA4F7AB00FDA014 /* home */,
				2A2A8F5E2BA4D64D008D24CE /* StoppelMapApp.swift */,
				2A2A8F602BA4D64D008D24CE /* ContentView.swift */,
				2A2A8F622BA4D64E008D24CE /* Assets.xcassets */,
				2A2A8F642BA4D64E008D24CE /* Preview Content */,
			);
			path = iosApp;
			sourceTree = "<group>";
		};
		2A2A8F642BA4D64E008D24CE /* Preview Content */ = {
			isa = PBXGroup;
			children = (
				2A2A8F652BA4D64E008D24CE /* Preview Assets.xcassets */,
			);
			path = "Preview Content";
			sourceTree = "<group>";
		};
		2A58C0542BA4F7AB00FDA014 /* home */ = {
			isa = PBXGroup;
			children = (
				2A58C0552BA4F7C100FDA014 /* HomeScreen.swift */,
				2A58C0582BA4F81000FDA014 /* CountdownCard.swift */,
			);
			path = home;
			sourceTree = "<group>";
		};
		2A6066412BB052630067FB33 /* map */ = {
			isa = PBXGroup;
			children = (
				2A6066442BB052900067FB33 /* MapView.swift */,
				2A6066462BB0572F0067FB33 /* MapScreen.swift */,
				2ACCB05E2BB2227D00DA01B6 /* MapColors.swift */,
			);
			path = map;
			sourceTree = "<group>";
		};
		2ACCB0572BB21AA600DA01B6 /* Resources */ = {
			isa = PBXGroup;
			children = (
				2ACCB05C2BB21D8100DA01B6 /* map */,
			);
			path = Resources;
			sourceTree = "<group>";
		};
/* End PBXGroup section */

/* Begin PBXNativeTarget section */
		2A2A8F5A2BA4D64D008D24CE /* StoppelMap */ = {
			isa = PBXNativeTarget;
			buildConfigurationList = 2A2A8F692BA4D64E008D24CE /* Build configuration list for PBXNativeTarget "StoppelMap" */;
			buildPhases = (
				2A58C05B2BA50CF200FDA014 /* ShellScript */,
				2A2A8F572BA4D64D008D24CE /* Sources */,
				2A2A8F582BA4D64D008D24CE /* Frameworks */,
				2A2A8F592BA4D64D008D24CE /* Resources */,
				2AB2D12D2BAB33B5002A7A42 /* ShellScript */,
			);
			buildRules = (
				2A58C05A2BA50CE400FDA014 /* PBXBuildRule */,
			);
			dependencies = (
			);
			name = StoppelMap;
			packageProductDependencies = (
				2A60663E2BB051B30067FB33 /* MapLibre */,
			);
			productName = StoppelMap;
			productReference = 2A2A8F5B2BA4D64D008D24CE /* StoppelMap.app */;
			productType = "com.apple.product-type.application";
		};
/* End PBXNativeTarget section */

/* Begin PBXProject section */
		2A2A8F532BA4D64D008D24CE /* Project object */ = {
			isa = PBXProject;
			attributes = {
				BuildIndependentTargetsInParallel = 1;
				LastSwiftUpdateCheck = 1530;
				LastUpgradeCheck = 1530;
				TargetAttributes = {
					2A2A8F5A2BA4D64D008D24CE = {
						CreatedOnToolsVersion = 15.3;
					};
				};
			};
			buildConfigurationList = 2A2A8F562BA4D64D008D24CE /* Build configuration list for PBXProject "iosApp" */;
			compatibilityVersion = "Xcode 14.0";
			developmentRegion = de;
			hasScannedForEncodings = 0;
			knownRegions = (
				de,
				en,
			);
			mainGroup = 2A2A8F522BA4D64D008D24CE;
			packageReferences = (
				2A60663D2BB051B30067FB33 /* XCRemoteSwiftPackageReference "maplibre-gl-native-distribution" */,
			);
			productRefGroup = 2A2A8F5C2BA4D64D008D24CE /* Products */;
			projectDirPath = "";
			projectRoot = "";
			targets = (
				2A2A8F5A2BA4D64D008D24CE /* StoppelMap */,
			);
		};
/* End PBXProject section */

/* Begin PBXResourcesBuildPhase section */
		2A2A8F592BA4D64D008D24CE /* Resources */ = {
			isa = PBXResourcesBuildPhase;
			buildActionMask = 2147483647;
			files = (
				2A2A8F632BA4D64E008D24CE /* Assets.xcassets in Resources */,
				2ACCB05D2BB21D8100DA01B6 /* map in Resources */,
			);
			runOnlyForDeploymentPostprocessing = 0;
		};
/* End PBXResourcesBuildPhase section */

/* Begin PBXShellScriptBuildPhase section */
		2A58C05B2BA50CF200FDA014 /* ShellScript */ = {
			isa = PBXShellScriptBuildPhase;
			buildActionMask = 2147483647;
			files = (
			);
			inputFileListPaths = (
			);
			inputPaths = (
			);
			outputFileListPaths = (
			);
			outputPaths = (
			);
			runOnlyForDeploymentPostprocessing = 0;
			shellPath = /bin/sh;
			shellScript = "cd \"$SRCROOT/..\"\n./gradlew :shared:embedAndSignAppleFrameworkForXcode\n";
		};
		2AB2D12D2BAB33B5002A7A42 /* ShellScript */ = {
			isa = PBXShellScriptBuildPhase;
			buildActionMask = 2147483647;
			files = (
			);
			inputFileListPaths = (
			);
			inputPaths = (
			);
			outputFileListPaths = (
			);
			outputPaths = (
			);
			runOnlyForDeploymentPostprocessing = 0;
			shellPath = /bin/sh;
			shellScript = "cd \"$SRCROOT/..\"\n./gradlew :shared:copyFrameworkResourcesToApp \\\n    -Pmoko.resources.PLATFORM_NAME=\"$PLATFORM_NAME\" \\\n    -Pmoko.resources.CONFIGURATION=\"$CONFIGURATION\" \\\n    -Pmoko.resources.ARCHS=\"$ARCHS\" \\\n    -Pmoko.resources.BUILT_PRODUCTS_DIR=\"$BUILT_PRODUCTS_DIR\" \\\n    -Pmoko.resources.CONTENTS_FOLDER_PATH=\"$CONTENTS_FOLDER_PATH\"\n";
		};
/* End PBXShellScriptBuildPhase section */

/* Begin PBXSourcesBuildPhase section */
		2A2A8F572BA4D64D008D24CE /* Sources */ = {
			isa = PBXSourcesBuildPhase;
			buildActionMask = 2147483647;
			files = (
				2A6066472BB0572F0067FB33 /* MapScreen.swift in Sources */,
				2A2A8F612BA4D64D008D24CE /* ContentView.swift in Sources */,
				2A58C0592BA4F81000FDA014 /* CountdownCard.swift in Sources */,
				2A6066452BB052900067FB33 /* MapView.swift in Sources */,
				2A2A8F5F2BA4D64D008D24CE /* StoppelMapApp.swift in Sources */,
				2A58C0562BA4F7C100FDA014 /* HomeScreen.swift in Sources */,
				2ACCB05F2BB2227D00DA01B6 /* MapColors.swift in Sources */,
			);
			runOnlyForDeploymentPostprocessing = 0;
		};
/* End PBXSourcesBuildPhase section */

/* Begin XCBuildConfiguration section */
		2A2A8F672BA4D64E008D24CE /* Debug */ = {
			isa = XCBuildConfiguration;
			buildSettings = {
				ALWAYS_SEARCH_USER_PATHS = NO;
				ASSETCATALOG_COMPILER_GENERATE_SWIFT_ASSET_SYMBOL_EXTENSIONS = YES;
				CLANG_ANALYZER_NONNULL = YES;
				CLANG_ANALYZER_NUMBER_OBJECT_CONVERSION = YES_AGGRESSIVE;
				CLANG_CXX_LANGUAGE_STANDARD = "gnu++20";
				CLANG_ENABLE_MODULES = YES;
				CLANG_ENABLE_OBJC_ARC = YES;
				CLANG_ENABLE_OBJC_WEAK = YES;
				CLANG_WARN_BLOCK_CAPTURE_AUTORELEASING = YES;
				CLANG_WARN_BOOL_CONVERSION = YES;
				CLANG_WARN_COMMA = YES;
				CLANG_WARN_CONSTANT_CONVERSION = YES;
				CLANG_WARN_DEPRECATED_OBJC_IMPLEMENTATIONS = YES;
				CLANG_WARN_DIRECT_OBJC_ISA_USAGE = YES_ERROR;
				CLANG_WARN_DOCUMENTATION_COMMENTS = YES;
				CLANG_WARN_EMPTY_BODY = YES;
				CLANG_WARN_ENUM_CONVERSION = YES;
				CLANG_WARN_INFINITE_RECURSION = YES;
				CLANG_WARN_INT_CONVERSION = YES;
				CLANG_WARN_NON_LITERAL_NULL_CONVERSION = YES;
				CLANG_WARN_OBJC_IMPLICIT_RETAIN_SELF = YES;
				CLANG_WARN_OBJC_LITERAL_CONVERSION = YES;
				CLANG_WARN_OBJC_ROOT_CLASS = YES_ERROR;
				CLANG_WARN_QUOTED_INCLUDE_IN_FRAMEWORK_HEADER = YES;
				CLANG_WARN_RANGE_LOOP_ANALYSIS = YES;
				CLANG_WARN_STRICT_PROTOTYPES = YES;
				CLANG_WARN_SUSPICIOUS_MOVE = YES;
				CLANG_WARN_UNGUARDED_AVAILABILITY = YES_AGGRESSIVE;
				CLANG_WARN_UNREACHABLE_CODE = YES;
				CLANG_WARN__DUPLICATE_METHOD_MATCH = YES;
				COPY_PHASE_STRIP = NO;
				DEBUG_INFORMATION_FORMAT = dwarf;
				ENABLE_STRICT_OBJC_MSGSEND = YES;
				ENABLE_TESTABILITY = YES;
				ENABLE_USER_SCRIPT_SANDBOXING = YES;
				GCC_C_LANGUAGE_STANDARD = gnu17;
				GCC_DYNAMIC_NO_PIC = NO;
				GCC_NO_COMMON_BLOCKS = YES;
				GCC_OPTIMIZATION_LEVEL = 0;
				GCC_PREPROCESSOR_DEFINITIONS = (
					"DEBUG=1",
					"$(inherited)",
				);
				GCC_WARN_64_TO_32_BIT_CONVERSION = YES;
				GCC_WARN_ABOUT_RETURN_TYPE = YES_ERROR;
				GCC_WARN_UNDECLARED_SELECTOR = YES;
				GCC_WARN_UNINITIALIZED_AUTOS = YES_AGGRESSIVE;
				GCC_WARN_UNUSED_FUNCTION = YES;
				GCC_WARN_UNUSED_VARIABLE = YES;
				IPHONEOS_DEPLOYMENT_TARGET = 17.4;
				LOCALIZATION_PREFERS_STRING_CATALOGS = YES;
				MTL_ENABLE_DEBUG_INFO = INCLUDE_SOURCE;
				MTL_FAST_MATH = YES;
				ONLY_ACTIVE_ARCH = YES;
				SDKROOT = iphoneos;
				SWIFT_ACTIVE_COMPILATION_CONDITIONS = "DEBUG $(inherited)";
				SWIFT_OPTIMIZATION_LEVEL = "-Onone";
			};
			name = Debug;
		};
		2A2A8F682BA4D64E008D24CE /* Release */ = {
			isa = XCBuildConfiguration;
			buildSettings = {
				ALWAYS_SEARCH_USER_PATHS = NO;
				ASSETCATALOG_COMPILER_GENERATE_SWIFT_ASSET_SYMBOL_EXTENSIONS = YES;
				CLANG_ANALYZER_NONNULL = YES;
				CLANG_ANALYZER_NUMBER_OBJECT_CONVERSION = YES_AGGRESSIVE;
				CLANG_CXX_LANGUAGE_STANDARD = "gnu++20";
				CLANG_ENABLE_MODULES = YES;
				CLANG_ENABLE_OBJC_ARC = YES;
				CLANG_ENABLE_OBJC_WEAK = YES;
				CLANG_WARN_BLOCK_CAPTURE_AUTORELEASING = YES;
				CLANG_WARN_BOOL_CONVERSION = YES;
				CLANG_WARN_COMMA = YES;
				CLANG_WARN_CONSTANT_CONVERSION = YES;
				CLANG_WARN_DEPRECATED_OBJC_IMPLEMENTATIONS = YES;
				CLANG_WARN_DIRECT_OBJC_ISA_USAGE = YES_ERROR;
				CLANG_WARN_DOCUMENTATION_COMMENTS = YES;
				CLANG_WARN_EMPTY_BODY = YES;
				CLANG_WARN_ENUM_CONVERSION = YES;
				CLANG_WARN_INFINITE_RECURSION = YES;
				CLANG_WARN_INT_CONVERSION = YES;
				CLANG_WARN_NON_LITERAL_NULL_CONVERSION = YES;
				CLANG_WARN_OBJC_IMPLICIT_RETAIN_SELF = YES;
				CLANG_WARN_OBJC_LITERAL_CONVERSION = YES;
				CLANG_WARN_OBJC_ROOT_CLASS = YES_ERROR;
				CLANG_WARN_QUOTED_INCLUDE_IN_FRAMEWORK_HEADER = YES;
				CLANG_WARN_RANGE_LOOP_ANALYSIS = YES;
				CLANG_WARN_STRICT_PROTOTYPES = YES;
				CLANG_WARN_SUSPICIOUS_MOVE = YES;
				CLANG_WARN_UNGUARDED_AVAILABILITY = YES_AGGRESSIVE;
				CLANG_WARN_UNREACHABLE_CODE = YES;
				CLANG_WARN__DUPLICATE_METHOD_MATCH = YES;
				COPY_PHASE_STRIP = NO;
				DEBUG_INFORMATION_FORMAT = "dwarf-with-dsym";
				ENABLE_NS_ASSERTIONS = NO;
				ENABLE_STRICT_OBJC_MSGSEND = YES;
				ENABLE_USER_SCRIPT_SANDBOXING = YES;
				GCC_C_LANGUAGE_STANDARD = gnu17;
				GCC_NO_COMMON_BLOCKS = YES;
				GCC_WARN_64_TO_32_BIT_CONVERSION = YES;
				GCC_WARN_ABOUT_RETURN_TYPE = YES_ERROR;
				GCC_WARN_UNDECLARED_SELECTOR = YES;
				GCC_WARN_UNINITIALIZED_AUTOS = YES_AGGRESSIVE;
				GCC_WARN_UNUSED_FUNCTION = YES;
				GCC_WARN_UNUSED_VARIABLE = YES;
				IPHONEOS_DEPLOYMENT_TARGET = 17.4;
				LOCALIZATION_PREFERS_STRING_CATALOGS = YES;
				MTL_ENABLE_DEBUG_INFO = NO;
				MTL_FAST_MATH = YES;
				SDKROOT = iphoneos;
				SWIFT_COMPILATION_MODE = wholemodule;
				VALIDATE_PRODUCT = YES;
			};
			name = Release;
		};
		2A2A8F6A2BA4D64E008D24CE /* Debug */ = {
			isa = XCBuildConfiguration;
			buildSettings = {
				ASSETCATALOG_COMPILER_APPICON_NAME = AppIcon;
				ASSETCATALOG_COMPILER_GLOBAL_ACCENT_COLOR_NAME = AccentColor;
				CODE_SIGN_STYLE = Automatic;
				CURRENT_PROJECT_VERSION = 1;
				DEVELOPMENT_ASSET_PATHS = "iosApp/Preview\\ Content";
				DEVELOPMENT_TEAM = 7NUZ9L2CDZ;
				ENABLE_PREVIEWS = YES;
				ENABLE_USER_SCRIPT_SANDBOXING = NO;
				FRAMEWORK_SEARCH_PATHS = "$(SRCROOT)/../shared/build/xcode-frameworks/$(CONFIGURATION)/$(SDK_NAME)";
				GENERATE_INFOPLIST_FILE = YES;
				INFOPLIST_KEY_CFBundleDisplayName = StoppelMap;
				INFOPLIST_KEY_LSApplicationCategoryType = "public.app-category.lifestyle";
				INFOPLIST_KEY_UIApplicationSceneManifest_Generation = YES;
				INFOPLIST_KEY_UIApplicationSupportsIndirectInputEvents = YES;
				INFOPLIST_KEY_UILaunchScreen_Generation = YES;
				INFOPLIST_KEY_UISupportedInterfaceOrientations = UIInterfaceOrientationPortrait;
				IPHONEOS_DEPLOYMENT_TARGET = 17.0;
				LD_RUNPATH_SEARCH_PATHS = (
					"$(inherited)",
					"@executable_path/Frameworks",
				);
				MARKETING_VERSION = 1.0;
				PRODUCT_BUNDLE_IDENTIFIER = com.jonasgerdes.StoppelMap;
				PRODUCT_NAME = "$(TARGET_NAME)";
				SUPPORTED_PLATFORMS = "iphoneos iphonesimulator";
				SUPPORTS_MACCATALYST = NO;
				SUPPORTS_MAC_DESIGNED_FOR_IPHONE_IPAD = NO;
				SUPPORTS_XR_DESIGNED_FOR_IPHONE_IPAD = NO;
				SWIFT_EMIT_LOC_STRINGS = YES;
				SWIFT_VERSION = 5.0;
				TARGETED_DEVICE_FAMILY = 1;
			};
			name = Debug;
		};
		2A2A8F6B2BA4D64E008D24CE /* Release */ = {
			isa = XCBuildConfiguration;
			buildSettings = {
				ASSETCATALOG_COMPILER_APPICON_NAME = AppIcon;
				ASSETCATALOG_COMPILER_GLOBAL_ACCENT_COLOR_NAME = AccentColor;
				CODE_SIGN_STYLE = Automatic;
				CURRENT_PROJECT_VERSION = 1;
				DEVELOPMENT_ASSET_PATHS = "iosApp/Preview\\ Content";
				DEVELOPMENT_TEAM = 7NUZ9L2CDZ;
				ENABLE_PREVIEWS = YES;
				ENABLE_USER_SCRIPT_SANDBOXING = NO;
				FRAMEWORK_SEARCH_PATHS = "$(SRCROOT)/../shared/build/xcode-frameworks/$(CONFIGURATION)/$(SDK_NAME)";
				GENERATE_INFOPLIST_FILE = YES;
				INFOPLIST_KEY_CFBundleDisplayName = StoppelMap;
				INFOPLIST_KEY_LSApplicationCategoryType = "public.app-category.lifestyle";
				INFOPLIST_KEY_UIApplicationSceneManifest_Generation = YES;
				INFOPLIST_KEY_UIApplicationSupportsIndirectInputEvents = YES;
				INFOPLIST_KEY_UILaunchScreen_Generation = YES;
				INFOPLIST_KEY_UISupportedInterfaceOrientations = UIInterfaceOrientationPortrait;
				IPHONEOS_DEPLOYMENT_TARGET = 17.0;
				LD_RUNPATH_SEARCH_PATHS = (
					"$(inherited)",
					"@executable_path/Frameworks",
				);
				MARKETING_VERSION = 1.0;
				PRODUCT_BUNDLE_IDENTIFIER = com.jonasgerdes.StoppelMap;
				PRODUCT_NAME = "$(TARGET_NAME)";
				SUPPORTED_PLATFORMS = "iphoneos iphonesimulator";
				SUPPORTS_MACCATALYST = NO;
				SUPPORTS_MAC_DESIGNED_FOR_IPHONE_IPAD = NO;
				SUPPORTS_XR_DESIGNED_FOR_IPHONE_IPAD = NO;
				SWIFT_EMIT_LOC_STRINGS = YES;
				SWIFT_VERSION = 5.0;
				TARGETED_DEVICE_FAMILY = 1;
			};
			name = Release;
		};
/* End XCBuildConfiguration section */

/* Begin XCConfigurationList section */
		2A2A8F562BA4D64D008D24CE /* Build configuration list for PBXProject "iosApp" */ = {
			isa = XCConfigurationList;
			buildConfigurations = (
				2A2A8F672BA4D64E008D24CE /* Debug */,
				2A2A8F682BA4D64E008D24CE /* Release */,
			);
			defaultConfigurationIsVisible = 0;
			defaultConfigurationName = Release;
		};
		2A2A8F692BA4D64E008D24CE /* Build configuration list for PBXNativeTarget "StoppelMap" */ = {
			isa = XCConfigurationList;
			buildConfigurations = (
				2A2A8F6A2BA4D64E008D24CE /* Debug */,
				2A2A8F6B2BA4D64E008D24CE /* Release */,
			);
			defaultConfigurationIsVisible = 0;
			defaultConfigurationName = Release;
		};
/* End XCConfigurationList section */

/* Begin XCRemoteSwiftPackageReference section */
		2A60663D2BB051B30067FB33 /* XCRemoteSwiftPackageReference "maplibre-gl-native-distribution" */ = {
			isa = XCRemoteSwiftPackageReference;
			repositoryURL = "https://github.com/maplibre/maplibre-gl-native-distribution";
			requirement = {
				kind = upToNextMajorVersion;
				minimumVersion = 6.2.0;
			};
		};
/* End XCRemoteSwiftPackageReference section */

/* Begin XCSwiftPackageProductDependency section */
		2A60663E2BB051B30067FB33 /* MapLibre */ = {
			isa = XCSwiftPackageProductDependency;
			package = 2A60663D2BB051B30067FB33 /* XCRemoteSwiftPackageReference "maplibre-gl-native-distribution" */;
			productName = MapLibre;
		};
/* End XCSwiftPackageProductDependency section */
	};
	rootObject = 2A2A8F532BA4D64D008D24CE /* Project object */;
}
