{
  "originHash" : "814ee1b1450b7385c59af605193fa11a353c934d8aa583ccf899f0abc5e8bde5",
  "pins" : [
    {
      "identity" : "lottie-spm",
      "kind" : "remoteSourceControl",
      "location" : "https://github.com/airbnb/lottie-spm.git",
      "state" : {
        "revision" : "1d29eccc24cc8b75bff9f6804155112c0ffc9605",
        "version" : "4.4.3"
      }
    },
    {
      "identity" : "maplibre-gl-native-distribution",
      "kind" : "remoteSourceControl",
      "location" : "https://github.com/maplibre/maplibre-gl-native-distribution",
      "state" : {
        "revision" : "84a79bc375a301169390ac110c868f06c857b83f",
        "version" : "6.27.0"
      }
    }
  ],
  "version" : 3
}
